
Microsoft Visual Studio Solution File, Format Version 12.00
# Visual Studio 15
VisualStudioVersion = 15.0.26228.9
MinimumVisualStudioVersion = 10.0.40219.1
Project("{FAE04EC0-301F-11D3-BF4B-00C04F79EFBC}") = "Diff_Service", "Diff_Service\Diff_Service.csproj", "{E2C27851-399B-4793-A7C8-73A71778855E}"
EndProject
Project("{FAE04EC0-301F-11D3-BF4B-00C04F79EFBC}") = "Diff_Service.Data", "Diff_Service.Data\Diff_Service.Data.csproj", "{502D19B6-3AEA-4193-8F2B-084C992308D9}"
EndProject
Project("{FAE04EC0-301F-11D3-BF4B-00C04F79EFBC}") = "Diff_Service.Test", "Diff_Service.Test\Diff_Service.Test.csproj", "{7861E4D3-0FDD-4624-B48C-CB514DF68308}"
EndProject
Project("{2150E333-8FDC-42A3-9474-1A3956D46DE8}") = "Solution Items", "Solution Items", "{F25AD0BB-9117-4520-A877-5390B5FC951B}"
	ProjectSection(SolutionItems) = preProject
		Readme.txt = Readme.txt
	EndProjectSection
EndProject
Global
	GlobalSection(SolutionConfigurationPlatforms) = preSolution
		Debug|Any CPU = Debug|Any CPU
		Release|Any CPU = Release|Any CPU
	EndGlobalSection
	GlobalSection(ProjectConfigurationPlatforms) = postSolution
		{E2C27851-399B-4793-A7C8-73A71778855E}.Debug|Any CPU.ActiveCfg = Debug|Any CPU
		{E2C27851-399B-4793-A7C8-73A71778855E}.Debug|Any CPU.Build.0 = Debug|Any CPU
		{E2C27851-399B-4793-A7C8-73A71778855E}.Release|Any CPU.ActiveCfg = Release|Any CPU
		{E2C27851-399B-4793-A7C8-73A71778855E}.Release|Any CPU.Build.0 = Release|Any CPU
		{502D19B6-3AEA-4193-8F2B-084C992308D9}.Debug|Any CPU.ActiveCfg = Debug|Any CPU
		{502D19B6-3AEA-4193-8F2B-084C992308D9}.Debug|Any CPU.Build.0 = Debug|Any CPU
		{502D19B6-3AEA-4193-8F2B-084C992308D9}.Release|Any CPU.ActiveCfg = Release|Any CPU
		{502D19B6-3AEA-4193-8F2B-084C992308D9}.Release|Any CPU.Build.0 = Release|Any CPU
		{7861E4D3-0FDD-4624-B48C-CB514DF68308}.Debug|Any CPU.ActiveCfg = Debug|Any CPU
		{7861E4D3-0FDD-4624-B48C-CB514DF68308}.Debug|Any CPU.Build.0 = Debug|Any CPU
		{7861E4D3-0FDD-4624-B48C-CB514DF68308}.Release|Any CPU.ActiveCfg = Release|Any CPU
		{7861E4D3-0FDD-4624-B48C-CB514DF68308}.Release|Any CPU.Build.0 = Release|Any CPU
	EndGlobalSection
	GlobalSection(SolutionProperties) = preSolution
		HideSolutionNode = FALSE
	EndGlobalSection
EndGlobal
